
Microsoft Visual Studio Solution File, Format Version 12.00
# Visual Studio Version 17
VisualStudioVersion = 17.0.32014.148
MinimumVisualStudioVersion = 10.0.40219.1
Project("{FAE04EC0-301F-11D3-BF4B-00C04F79EFBC}") = "IniciativeBot", "IniciativeBot\IniciativeBot.csproj", "{3793FAB2-C510-40D8-8112-07BD90F7074D}"
EndProject
Project("{FAE04EC0-301F-11D3-BF4B-00C04F79EFBC}") = "IniciativeBotTests", "IniciativeBotTests\IniciativeBotTests.csproj", "{CEAA8A11-EF93-4D26-9FDF-655BF5260915}"
EndProject
Global
	GlobalSection(SolutionConfigurationPlatforms) = preSolution
		Debug|Any CPU = Debug|Any CPU
		Release|Any CPU = Release|Any CPU
	EndGlobalSection
	GlobalSection(ProjectConfigurationPlatforms) = postSolution
		{3793FAB2-C510-40D8-8112-07BD90F7074D}.Debug|Any CPU.ActiveCfg = Debug|Any CPU
		{3793FAB2-C510-40D8-8112-07BD90F7074D}.Debug|Any CPU.Build.0 = Debug|Any CPU
		{3793FAB2-C510-40D8-8112-07BD90F7074D}.Release|Any CPU.ActiveCfg = Release|Any CPU
		{3793FAB2-C510-40D8-8112-07BD90F7074D}.Release|Any CPU.Build.0 = Release|Any CPU
		{CEAA8A11-EF93-4D26-9FDF-655BF5260915}.Debug|Any CPU.ActiveCfg = Debug|Any CPU
		{CEAA8A11-EF93-4D26-9FDF-655BF5260915}.Debug|Any CPU.Build.0 = Debug|Any CPU
		{CEAA8A11-EF93-4D26-9FDF-655BF5260915}.Release|Any CPU.ActiveCfg = Release|Any CPU
		{CEAA8A11-EF93-4D26-9FDF-655BF5260915}.Release|Any CPU.Build.0 = Release|Any CPU
	EndGlobalSection
	GlobalSection(SolutionProperties) = preSolution
		HideSolutionNode = FALSE
	EndGlobalSection
	GlobalSection(ExtensibilityGlobals) = postSolution
		SolutionGuid = {2DA3FC96-C0AB-4F03-87B2-5F38111EBF7F}
	EndGlobalSection
EndGlobal
